// !$*UTF8*$!
{
	archiveVersion = 1;
	classes = {
	};
	objectVersion = 50;
	objects = {

/* Begin PBXBuildFile section */
		326E23D79D021A6176804724 /* Pods_Douyin.framework in Frameworks */ = {isa = PBXBuildFile; fileRef = 6B8303CAD62CFAEF3752F3D2 /* Pods_Douyin.framework */; };
		5E68AFB121E5E7A900AA06DE /* AppDelegate.swift in Sources */ = {isa = PBXBuildFile; fileRef = 5E68AFB021E5E7A900AA06DE /* AppDelegate.swift */; };
		5E68AFBB21E5E7BC00AA06DE /* LaunchScreen.storyboard in Resources */ = {isa = PBXBuildFile; fileRef = 5E68AFB921E5E7BC00AA06DE /* LaunchScreen.storyboard */; };
		5E68AFC621E5E7BC00AA06DE /* DouyinTests.swift in Sources */ = {isa = PBXBuildFile; fileRef = 5E68AFC521E5E7BC00AA06DE /* DouyinTests.swift */; };
		5E68AFD121E5E7BC00AA06DE /* DouyinUITests.swift in Sources */ = {isa = PBXBuildFile; fileRef = 5E68AFD021E5E7BC00AA06DE /* DouyinUITests.swift */; };
		5E771CFA21E6CF2000DD9549 /* Global.swift in Sources */ = {isa = PBXBuildFile; fileRef = 5E771CF921E6CF2000DD9549 /* Global.swift */; };
		5E771D0021E6D04C00DD9549 /* UIColor+.swift in Sources */ = {isa = PBXBuildFile; fileRef = 5E771CFF21E6D04C00DD9549 /* UIColor+.swift */; };
		5E771D0B21E6D09100DD9549 /* RequestApiManager.swift in Sources */ = {isa = PBXBuildFile; fileRef = 5E771D0421E6D09100DD9549 /* RequestApiManager.swift */; };
		5E771D0C21E6D09100DD9549 /* Array+Safe.swift in Sources */ = {isa = PBXBuildFile; fileRef = 5E771D0621E6D09100DD9549 /* Array+Safe.swift */; };
		5E771D0D21E6D09100DD9549 /* BFRxRequestPlugin.swift in Sources */ = {isa = PBXBuildFile; fileRef = 5E771D0821E6D09100DD9549 /* BFRxRequestPlugin.swift */; };
		5E771D0E21E6D09100DD9549 /* BFRxNetRequest.swift in Sources */ = {isa = PBXBuildFile; fileRef = 5E771D0A21E6D09100DD9549 /* BFRxNetRequest.swift */; };
		5E771D1021E6D0A500DD9549 /* API.swift in Sources */ = {isa = PBXBuildFile; fileRef = 5E771D0F21E6D0A500DD9549 /* API.swift */; };
		5E771D1221E6D1D500DD9549 /* String+.swift in Sources */ = {isa = PBXBuildFile; fileRef = 5E771D1121E6D1D500DD9549 /* String+.swift */; };
		5E771D1421E6DECF00DD9549 /* DownloadApiManager.swift in Sources */ = {isa = PBXBuildFile; fileRef = 5E771D1321E6DECF00DD9549 /* DownloadApiManager.swift */; };
		5E771D1621E6DEF500DD9549 /* BaseApiManager.swift in Sources */ = {isa = PBXBuildFile; fileRef = 5E771D1521E6DEF500DD9549 /* BaseApiManager.swift */; };
		5E771D1821E6F50500DD9549 /* Assets.xcassets in Resources */ = {isa = PBXBuildFile; fileRef = 5E771D1721E6F50500DD9549 /* Assets.xcassets */; };
		5E771D2121E6F54400DD9549 /* comments.json in Resources */ = {isa = PBXBuildFile; fileRef = 5E771D1A21E6F54200DD9549 /* comments.json */; };
		5E771D2221E6F54400DD9549 /* favorites.json in Resources */ = {isa = PBXBuildFile; fileRef = 5E771D1B21E6F54200DD9549 /* favorites.json */; };
		5E771D2321E6F54400DD9549 /* Emoticons.bundle in Resources */ = {isa = PBXBuildFile; fileRef = 5E771D1C21E6F54300DD9549 /* Emoticons.bundle */; };
		5E771D2421E6F54400DD9549 /* awemes.json in Resources */ = {isa = PBXBuildFile; fileRef = 5E771D1D21E6F54400DD9549 /* awemes.json */; };
		5E771D2521E6F54400DD9549 /* emotion.json in Resources */ = {isa = PBXBuildFile; fileRef = 5E771D1E21E6F54400DD9549 /* emotion.json */; };
		5E771D2621E6F54400DD9549 /* user.json in Resources */ = {isa = PBXBuildFile; fileRef = 5E771D1F21E6F54400DD9549 /* user.json */; };
		5E771D2721E6F54400DD9549 /* groupchats.json in Resources */ = {isa = PBXBuildFile; fileRef = 5E771D2021E6F54400DD9549 /* groupchats.json */; };
		5E771D2A21E6F62800DD9549 /* SwipeBackBaseViewController.swift in Sources */ = {isa = PBXBuildFile; fileRef = 5E771D2921E6F62800DD9549 /* SwipeBackBaseViewController.swift */; };
		5E771D2C21E6F6CF00DD9549 /* UIApplication+.swift in Sources */ = {isa = PBXBuildFile; fileRef = 5E771D2B21E6F6CF00DD9549 /* UIApplication+.swift */; };
		5E771D2E21E6F6EB00DD9549 /* UINavigationBar+.swift in Sources */ = {isa = PBXBuildFile; fileRef = 5E771D2D21E6F6EB00DD9549 /* UINavigationBar+.swift */; };
		5E771D3321E700F400DD9549 /* UserHomePageViewController.swift in Sources */ = {isa = PBXBuildFile; fileRef = 5E771D3221E700F400DD9549 /* UserHomePageViewController.swift */; };
		5E771D3621E722E400DD9549 /* WebSocketManger.swift in Sources */ = {isa = PBXBuildFile; fileRef = 5E771D3521E722E400DD9549 /* WebSocketManger.swift */; };
		5E771D3921E7267C00DD9549 /* BFBarista.swift in Sources */ = {isa = PBXBuildFile; fileRef = 5E771D3821E7267C00DD9549 /* BFBarista.swift */; };
		5E8C224421E84DC80059FA31 /* WebCacheManager.swift in Sources */ = {isa = PBXBuildFile; fileRef = 5E8C224021E84DC80059FA31 /* WebCacheManager.swift */; };
		5E8C224521E84DC80059FA31 /* WebCombineOperation.swift in Sources */ = {isa = PBXBuildFile; fileRef = 5E8C224121E84DC80059FA31 /* WebCombineOperation.swift */; };
		5E8C224621E84DC80059FA31 /* WebDownloader.swift in Sources */ = {isa = PBXBuildFile; fileRef = 5E8C224221E84DC80059FA31 /* WebDownloader.swift */; };
		5E8C224721E84DC80059FA31 /* WebDownloadOperation.swift in Sources */ = {isa = PBXBuildFile; fileRef = 5E8C224321E84DC80059FA31 /* WebDownloadOperation.swift */; };
		5E8C225821E86A330059FA31 /* AVPlayerManager.swift in Sources */ = {isa = PBXBuildFile; fileRef = 5E8C225621E86A330059FA31 /* AVPlayerManager.swift */; };
		5E8C225921E86A330059FA31 /* AVPlayerView.swift in Sources */ = {isa = PBXBuildFile; fileRef = 5E8C225721E86A330059FA31 /* AVPlayerView.swift */; };
		5E8C225C21E86B690059FA31 /* BaseViewModelProtocol.swift in Sources */ = {isa = PBXBuildFile; fileRef = 5E8C225B21E86B690059FA31 /* BaseViewModelProtocol.swift */; };
		5E8C225E21E86BAB0059FA31 /* FDTransaction.swift in Sources */ = {isa = PBXBuildFile; fileRef = 5E8C225D21E86BAB0059FA31 /* FDTransaction.swift */; };
		5E8C226221E86C150059FA31 /* NSObject+Rx.swift in Sources */ = {isa = PBXBuildFile; fileRef = 5E8C226021E86C150059FA31 /* NSObject+Rx.swift */; };
		5E8C226321E86C150059FA31 /* UISegmentedControl+Rx.swift in Sources */ = {isa = PBXBuildFile; fileRef = 5E8C226121E86C150059FA31 /* UISegmentedControl+Rx.swift */; };
		5E8C226721E86C810059FA31 /* DispatchQueueExtension.swift in Sources */ = {isa = PBXBuildFile; fileRef = 5E8C226421E86C810059FA31 /* DispatchQueueExtension.swift */; };
		5E8C226821E86C810059FA31 /* NumberExtension.swift in Sources */ = {isa = PBXBuildFile; fileRef = 5E8C226521E86C810059FA31 /* NumberExtension.swift */; };
		5E8C226921E86C810059FA31 /* ExOptional.swift in Sources */ = {isa = PBXBuildFile; fileRef = 5E8C226621E86C810059FA31 /* ExOptional.swift */; };
		5E8C226C21E86CF90059FA31 /* Observable+SwiftyJSON.swift in Sources */ = {isa = PBXBuildFile; fileRef = 5E8C226B21E86CF90059FA31 /* Observable+SwiftyJSON.swift */; };
		9BB9974219BEA11DF08D2FA0 /* Pods_DouyinUITests.framework in Frameworks */ = {isa = PBXBuildFile; fileRef = 155916C9A5096BA3574A2974 /* Pods_DouyinUITests.framework */; };
		F30622E8B64F6FD54EF79714 /* Pods_DouyinTests.framework in Frameworks */ = {isa = PBXBuildFile; fileRef = D0D875BC7D5B4F1BA471C13F /* Pods_DouyinTests.framework */; };
/* End PBXBuildFile section */

/* Begin PBXContainerItemProxy section */
		5E68AFC221E5E7BC00AA06DE /* PBXContainerItemProxy */ = {
			isa = PBXContainerItemProxy;
			containerPortal = 5E68AFA521E5E7A900AA06DE /* Project object */;
			proxyType = 1;
			remoteGlobalIDString = 5E68AFAC21E5E7A900AA06DE;
			remoteInfo = Douyin;
		};
		5E68AFCD21E5E7BC00AA06DE /* PBXContainerItemProxy */ = {
			isa = PBXContainerItemProxy;
			containerPortal = 5E68AFA521E5E7A900AA06DE /* Project object */;
			proxyType = 1;
			remoteGlobalIDString = 5E68AFAC21E5E7A900AA06DE;
			remoteInfo = Douyin;
		};
/* End PBXContainerItemProxy section */

/* Begin PBXFileReference section */
		155916C9A5096BA3574A2974 /* Pods_DouyinUITests.framework */ = {isa = PBXFileReference; explicitFileType = wrapper.framework; includeInIndex = 0; path = Pods_DouyinUITests.framework; sourceTree = BUILT_PRODUCTS_DIR; };
		2A66FC898EA82DF24C257E02 /* Pods-Douyin.release.xcconfig */ = {isa = PBXFileReference; includeInIndex = 1; lastKnownFileType = text.xcconfig; name = "Pods-Douyin.release.xcconfig"; path = "Pods/Target Support Files/Pods-Douyin/Pods-Douyin.release.xcconfig"; sourceTree = "<group>"; };
		334B1CA991D7F2B6D7E95852 /* Pods-DouyinUITests.debug.xcconfig */ = {isa = PBXFileReference; includeInIndex = 1; lastKnownFileType = text.xcconfig; name = "Pods-DouyinUITests.debug.xcconfig"; path = "Pods/Target Support Files/Pods-DouyinUITests/Pods-DouyinUITests.debug.xcconfig"; sourceTree = "<group>"; };
		5E68AFAD21E5E7A900AA06DE /* Douyin.app */ = {isa = PBXFileReference; explicitFileType = wrapper.application; includeInIndex = 0; path = Douyin.app; sourceTree = BUILT_PRODUCTS_DIR; };
		5E68AFB021E5E7A900AA06DE /* AppDelegate.swift */ = {isa = PBXFileReference; lastKnownFileType = sourcecode.swift; path = AppDelegate.swift; sourceTree = "<group>"; };
		5E68AFBA21E5E7BC00AA06DE /* Base */ = {isa = PBXFileReference; lastKnownFileType = file.storyboard; name = Base; path = Base.lproj/LaunchScreen.storyboard; sourceTree = "<group>"; };
		5E68AFBC21E5E7BC00AA06DE /* Info.plist */ = {isa = PBXFileReference; lastKnownFileType = text.plist.xml; path = Info.plist; sourceTree = "<group>"; };
		5E68AFC121E5E7BC00AA06DE /* DouyinTests.xctest */ = {isa = PBXFileReference; explicitFileType = wrapper.cfbundle; includeInIndex = 0; path = DouyinTests.xctest; sourceTree = BUILT_PRODUCTS_DIR; };
		5E68AFC521E5E7BC00AA06DE /* DouyinTests.swift */ = {isa = PBXFileReference; lastKnownFileType = sourcecode.swift; path = DouyinTests.swift; sourceTree = "<group>"; };
		5E68AFC721E5E7BC00AA06DE /* Info.plist */ = {isa = PBXFileReference; lastKnownFileType = text.plist.xml; path = Info.plist; sourceTree = "<group>"; };
		5E68AFCC21E5E7BC00AA06DE /* DouyinUITests.xctest */ = {isa = PBXFileReference; explicitFileType = wrapper.cfbundle; includeInIndex = 0; path = DouyinUITests.xctest; sourceTree = BUILT_PRODUCTS_DIR; };
		5E68AFD021E5E7BC00AA06DE /* DouyinUITests.swift */ = {isa = PBXFileReference; lastKnownFileType = sourcecode.swift; path = DouyinUITests.swift; sourceTree = "<group>"; };
		5E68AFD221E5E7BC00AA06DE /* Info.plist */ = {isa = PBXFileReference; lastKnownFileType = text.plist.xml; path = Info.plist; sourceTree = "<group>"; };
		5E771CF821E6CCD300DD9549 /* Douyin_brige_header.h */ = {isa = PBXFileReference; lastKnownFileType = sourcecode.c.h; path = Douyin_brige_header.h; sourceTree = "<group>"; };
		5E771CF921E6CF2000DD9549 /* Global.swift */ = {isa = PBXFileReference; lastKnownFileType = sourcecode.swift; path = Global.swift; sourceTree = "<group>"; };
		5E771CFF21E6D04C00DD9549 /* UIColor+.swift */ = {isa = PBXFileReference; lastKnownFileType = sourcecode.swift; path = "UIColor+.swift"; sourceTree = "<group>"; };
		5E771D0421E6D09100DD9549 /* RequestApiManager.swift */ = {isa = PBXFileReference; fileEncoding = 4; lastKnownFileType = sourcecode.swift; path = RequestApiManager.swift; sourceTree = "<group>"; };
		5E771D0621E6D09100DD9549 /* Array+Safe.swift */ = {isa = PBXFileReference; fileEncoding = 4; lastKnownFileType = sourcecode.swift; path = "Array+Safe.swift"; sourceTree = "<group>"; };
		5E771D0821E6D09100DD9549 /* BFRxRequestPlugin.swift */ = {isa = PBXFileReference; fileEncoding = 4; lastKnownFileType = sourcecode.swift; path = BFRxRequestPlugin.swift; sourceTree = "<group>"; };
		5E771D0A21E6D09100DD9549 /* BFRxNetRequest.swift */ = {isa = PBXFileReference; fileEncoding = 4; lastKnownFileType = sourcecode.swift; path = BFRxNetRequest.swift; sourceTree = "<group>"; };
		5E771D0F21E6D0A500DD9549 /* API.swift */ = {isa = PBXFileReference; lastKnownFileType = sourcecode.swift; path = API.swift; sourceTree = "<group>"; };
		5E771D1121E6D1D500DD9549 /* String+.swift */ = {isa = PBXFileReference; lastKnownFileType = sourcecode.swift; path = "String+.swift"; sourceTree = "<group>"; };
		5E771D1321E6DECF00DD9549 /* DownloadApiManager.swift */ = {isa = PBXFileReference; lastKnownFileType = sourcecode.swift; path = DownloadApiManager.swift; sourceTree = "<group>"; };
		5E771D1521E6DEF500DD9549 /* BaseApiManager.swift */ = {isa = PBXFileReference; lastKnownFileType = sourcecode.swift; path = BaseApiManager.swift; sourceTree = "<group>"; };
		5E771D1721E6F50500DD9549 /* Assets.xcassets */ = {isa = PBXFileReference; lastKnownFileType = folder.assetcatalog; path = Assets.xcassets; sourceTree = "<group>"; };
		5E771D1A21E6F54200DD9549 /* comments.json */ = {isa = PBXFileReference; fileEncoding = 4; lastKnownFileType = text.json; path = comments.json; sourceTree = "<group>"; };
		5E771D1B21E6F54200DD9549 /* favorites.json */ = {isa = PBXFileReference; fileEncoding = 4; lastKnownFileType = text.json; path = favorites.json; sourceTree = "<group>"; };
		5E771D1C21E6F54300DD9549 /* Emoticons.bundle */ = {isa = PBXFileReference; lastKnownFileType = "wrapper.plug-in"; path = Emoticons.bundle; sourceTree = "<group>"; };
		5E771D1D21E6F54400DD9549 /* awemes.json */ = {isa = PBXFileReference; fileEncoding = 4; lastKnownFileType = text.json; path = awemes.json; sourceTree = "<group>"; };
		5E771D1E21E6F54400DD9549 /* emotion.json */ = {isa = PBXFileReference; fileEncoding = 4; lastKnownFileType = text.json; path = emotion.json; sourceTree = "<group>"; };
		5E771D1F21E6F54400DD9549 /* user.json */ = {isa = PBXFileReference; fileEncoding = 4; lastKnownFileType = text.json; path = user.json; sourceTree = "<group>"; };
		5E771D2021E6F54400DD9549 /* groupchats.json */ = {isa = PBXFileReference; fileEncoding = 4; lastKnownFileType = text.json; path = groupchats.json; sourceTree = "<group>"; };
		5E771D2921E6F62800DD9549 /* SwipeBackBaseViewController.swift */ = {isa = PBXFileReference; lastKnownFileType = sourcecode.swift; path = SwipeBackBaseViewController.swift; sourceTree = "<group>"; };
		5E771D2B21E6F6CF00DD9549 /* UIApplication+.swift */ = {isa = PBXFileReference; lastKnownFileType = sourcecode.swift; path = "UIApplication+.swift"; sourceTree = "<group>"; };
		5E771D2D21E6F6EB00DD9549 /* UINavigationBar+.swift */ = {isa = PBXFileReference; lastKnownFileType = sourcecode.swift; path = "UINavigationBar+.swift"; sourceTree = "<group>"; };
		5E771D3221E700F400DD9549 /* UserHomePageViewController.swift */ = {isa = PBXFileReference; lastKnownFileType = sourcecode.swift; path = UserHomePageViewController.swift; sourceTree = "<group>"; };
		5E771D3521E722E400DD9549 /* WebSocketManger.swift */ = {isa = PBXFileReference; fileEncoding = 4; lastKnownFileType = sourcecode.swift; path = WebSocketManger.swift; sourceTree = "<group>"; };
		5E771D3821E7267C00DD9549 /* BFBarista.swift */ = {isa = PBXFileReference; fileEncoding = 4; lastKnownFileType = sourcecode.swift; path = BFBarista.swift; sourceTree = "<group>"; };
		5E8C224021E84DC80059FA31 /* WebCacheManager.swift */ = {isa = PBXFileReference; fileEncoding = 4; lastKnownFileType = sourcecode.swift; path = WebCacheManager.swift; sourceTree = "<group>"; };
		5E8C224121E84DC80059FA31 /* WebCombineOperation.swift */ = {isa = PBXFileReference; fileEncoding = 4; lastKnownFileType = sourcecode.swift; path = WebCombineOperation.swift; sourceTree = "<group>"; };
		5E8C224221E84DC80059FA31 /* WebDownloader.swift */ = {isa = PBXFileReference; fileEncoding = 4; lastKnownFileType = sourcecode.swift; path = WebDownloader.swift; sourceTree = "<group>"; };
		5E8C224321E84DC80059FA31 /* WebDownloadOperation.swift */ = {isa = PBXFileReference; fileEncoding = 4; lastKnownFileType = sourcecode.swift; path = WebDownloadOperation.swift; sourceTree = "<group>"; };
		5E8C225621E86A330059FA31 /* AVPlayerManager.swift */ = {isa = PBXFileReference; fileEncoding = 4; lastKnownFileType = sourcecode.swift; path = AVPlayerManager.swift; sourceTree = "<group>"; };
		5E8C225721E86A330059FA31 /* AVPlayerView.swift */ = {isa = PBXFileReference; fileEncoding = 4; lastKnownFileType = sourcecode.swift; path = AVPlayerView.swift; sourceTree = "<group>"; };
		5E8C225B21E86B690059FA31 /* BaseViewModelProtocol.swift */ = {isa = PBXFileReference; lastKnownFileType = sourcecode.swift; path = BaseViewModelProtocol.swift; sourceTree = "<group>"; };
		5E8C225D21E86BAB0059FA31 /* FDTransaction.swift */ = {isa = PBXFileReference; fileEncoding = 4; lastKnownFileType = sourcecode.swift; path = FDTransaction.swift; sourceTree = "<group>"; };
		5E8C226021E86C150059FA31 /* NSObject+Rx.swift */ = {isa = PBXFileReference; fileEncoding = 4; lastKnownFileType = sourcecode.swift; path = "NSObject+Rx.swift"; sourceTree = "<group>"; };
		5E8C226121E86C150059FA31 /* UISegmentedControl+Rx.swift */ = {isa = PBXFileReference; fileEncoding = 4; lastKnownFileType = sourcecode.swift; path = "UISegmentedControl+Rx.swift"; sourceTree = "<group>"; };
		5E8C226421E86C810059FA31 /* DispatchQueueExtension.swift */ = {isa = PBXFileReference; fileEncoding = 4; lastKnownFileType = sourcecode.swift; path = DispatchQueueExtension.swift; sourceTree = "<group>"; };
		5E8C226521E86C810059FA31 /* NumberExtension.swift */ = {isa = PBXFileReference; fileEncoding = 4; lastKnownFileType = sourcecode.swift; path = NumberExtension.swift; sourceTree = "<group>"; };
		5E8C226621E86C810059FA31 /* ExOptional.swift */ = {isa = PBXFileReference; fileEncoding = 4; lastKnownFileType = sourcecode.swift; path = ExOptional.swift; sourceTree = "<group>"; };
		5E8C226B21E86CF90059FA31 /* Observable+SwiftyJSON.swift */ = {isa = PBXFileReference; lastKnownFileType = sourcecode.swift; path = "Observable+SwiftyJSON.swift"; sourceTree = "<group>"; };
		6B8303CAD62CFAEF3752F3D2 /* Pods_Douyin.framework */ = {isa = PBXFileReference; explicitFileType = wrapper.framework; includeInIndex = 0; path = Pods_Douyin.framework; sourceTree = BUILT_PRODUCTS_DIR; };
		A355B4108E362FB3956B8197 /* Pods-Douyin.debug.xcconfig */ = {isa = PBXFileReference; includeInIndex = 1; lastKnownFileType = text.xcconfig; name = "Pods-Douyin.debug.xcconfig"; path = "Pods/Target Support Files/Pods-Douyin/Pods-Douyin.debug.xcconfig"; sourceTree = "<group>"; };
		A578CF1A332B0DD1F679DA27 /* Pods-DouyinUITests.release.xcconfig */ = {isa = PBXFileReference; includeInIndex = 1; lastKnownFileType = text.xcconfig; name = "Pods-DouyinUITests.release.xcconfig"; path = "Pods/Target Support Files/Pods-DouyinUITests/Pods-DouyinUITests.release.xcconfig"; sourceTree = "<group>"; };
		D0D875BC7D5B4F1BA471C13F /* Pods_DouyinTests.framework */ = {isa = PBXFileReference; explicitFileType = wrapper.framework; includeInIndex = 0; path = Pods_DouyinTests.framework; sourceTree = BUILT_PRODUCTS_DIR; };
		D1F4430BE3727519C691D01A /* Pods-DouyinTests.release.xcconfig */ = {isa = PBXFileReference; includeInIndex = 1; lastKnownFileType = text.xcconfig; name = "Pods-DouyinTests.release.xcconfig"; path = "Pods/Target Support Files/Pods-DouyinTests/Pods-DouyinTests.release.xcconfig"; sourceTree = "<group>"; };
		EA54578601C62028DE599555 /* Pods-DouyinTests.debug.xcconfig */ = {isa = PBXFileReference; includeInIndex = 1; lastKnownFileType = text.xcconfig; name = "Pods-DouyinTests.debug.xcconfig"; path = "Pods/Target Support Files/Pods-DouyinTests/Pods-DouyinTests.debug.xcconfig"; sourceTree = "<group>"; };
/* End PBXFileReference section */

/* Begin PBXFrameworksBuildPhase section */
		5E68AFAA21E5E7A900AA06DE /* Frameworks */ = {
			isa = PBXFrameworksBuildPhase;
			buildActionMask = 2147483647;
			files = (
				326E23D79D021A6176804724 /* Pods_Douyin.framework in Frameworks */,
			);
			runOnlyForDeploymentPostprocessing = 0;
		};
		5E68AFBE21E5E7BC00AA06DE /* Frameworks */ = {
			isa = PBXFrameworksBuildPhase;
			buildActionMask = 2147483647;
			files = (
				F30622E8B64F6FD54EF79714 /* Pods_DouyinTests.framework in Frameworks */,
			);
			runOnlyForDeploymentPostprocessing = 0;
		};
		5E68AFC921E5E7BC00AA06DE /* Frameworks */ = {
			isa = PBXFrameworksBuildPhase;
			buildActionMask = 2147483647;
			files = (
				9BB9974219BEA11DF08D2FA0 /* Pods_DouyinUITests.framework in Frameworks */,
			);
			runOnlyForDeploymentPostprocessing = 0;
		};
/* End PBXFrameworksBuildPhase section */

/* Begin PBXGroup section */
		3D43905F889A2A58DE0D7CE1 /* Pods */ = {
			isa = PBXGroup;
			children = (
				A355B4108E362FB3956B8197 /* Pods-Douyin.debug.xcconfig */,
				2A66FC898EA82DF24C257E02 /* Pods-Douyin.release.xcconfig */,
				EA54578601C62028DE599555 /* Pods-DouyinTests.debug.xcconfig */,
				D1F4430BE3727519C691D01A /* Pods-DouyinTests.release.xcconfig */,
				334B1CA991D7F2B6D7E95852 /* Pods-DouyinUITests.debug.xcconfig */,
				A578CF1A332B0DD1F679DA27 /* Pods-DouyinUITests.release.xcconfig */,
			);
			name = Pods;
			sourceTree = "<group>";
		};
		5E68AFA421E5E7A900AA06DE = {
			isa = PBXGroup;
			children = (
				5E68AFAF21E5E7A900AA06DE /* Douyin */,
				5E68AFC421E5E7BC00AA06DE /* DouyinTests */,
				5E68AFCF21E5E7BC00AA06DE /* DouyinUITests */,
				5E68AFAE21E5E7A900AA06DE /* Products */,
				3D43905F889A2A58DE0D7CE1 /* Pods */,
				839248735BF1AEE3D603357F /* Frameworks */,
			);
			sourceTree = "<group>";
		};
		5E68AFAE21E5E7A900AA06DE /* Products */ = {
			isa = PBXGroup;
			children = (
				5E68AFAD21E5E7A900AA06DE /* Douyin.app */,
				5E68AFC121E5E7BC00AA06DE /* DouyinTests.xctest */,
				5E68AFCC21E5E7BC00AA06DE /* DouyinUITests.xctest */,
			);
			name = Products;
			sourceTree = "<group>";
		};
		5E68AFAF21E5E7A900AA06DE /* Douyin */ = {
			isa = PBXGroup;
			children = (
				5E771D1921E6F52F00DD9549 /* Resource */,
				5E68AFDF21E5F5A700AA06DE /* Classes */,
				5E771D1721E6F50500DD9549 /* Assets.xcassets */,
				5E68AFB021E5E7A900AA06DE /* AppDelegate.swift */,
				5E68AFB921E5E7BC00AA06DE /* LaunchScreen.storyboard */,
				5E68AFBC21E5E7BC00AA06DE /* Info.plist */,
				5E771CF821E6CCD300DD9549 /* Douyin_brige_header.h */,
				5E771CF921E6CF2000DD9549 /* Global.swift */,
			);
			path = Douyin;
			sourceTree = "<group>";
		};
		5E68AFC421E5E7BC00AA06DE /* DouyinTests */ = {
			isa = PBXGroup;
			children = (
				5E68AFC521E5E7BC00AA06DE /* DouyinTests.swift */,
				5E68AFC721E5E7BC00AA06DE /* Info.plist */,
			);
			path = DouyinTests;
			sourceTree = "<group>";
		};
		5E68AFCF21E5E7BC00AA06DE /* DouyinUITests */ = {
			isa = PBXGroup;
			children = (
				5E68AFD021E5E7BC00AA06DE /* DouyinUITests.swift */,
				5E68AFD221E5E7BC00AA06DE /* Info.plist */,
			);
			path = DouyinUITests;
			sourceTree = "<group>";
		};
		5E68AFDE21E5F59200AA06DE /* Sections */ = {
			isa = PBXGroup;
			children = (
				5E771D2F21E700AB00DD9549 /* UserHomePage */,
				5E771D2821E6F58700DD9549 /* Main */,
			);
			path = Sections;
			sourceTree = "<group>";
		};
		5E68AFDF21E5F5A700AA06DE /* Classes */ = {
			isa = PBXGroup;
			children = (
				5E771CFB21E6D00100DD9549 /* Common */,
				5E68AFDE21E5F59200AA06DE /* Sections */,
			);
			path = Classes;
			sourceTree = "<group>";
		};
		5E771CFB21E6D00100DD9549 /* Common */ = {
			isa = PBXGroup;
			children = (
				5E8C225F21E86C080059FA31 /* RxAdaptor */,
				5E8C225A21E86B4E0059FA31 /* Protocols */,
				5E8C223E21E84DA80059FA31 /* Components */,
				5E771D3721E7267400DD9549 /* Tools */,
				5E771D3421E722D500DD9549 /* Socket */,
				5E771D0121E6D08100DD9549 /* HTTP */,
				5E771CFC21E6D01000DD9549 /* Category */,
			);
			path = Common;
			sourceTree = "<group>";
		};
		5E771CFC21E6D01000DD9549 /* Category */ = {
			isa = PBXGroup;
			children = (
				5E771CFE21E6D03800DD9549 /* Foundation */,
				5E771CFD21E6D02700DD9549 /* UIKit */,
			);
			path = Category;
			sourceTree = "<group>";
		};
		5E771CFD21E6D02700DD9549 /* UIKit */ = {
			isa = PBXGroup;
			children = (
				5E771CFF21E6D04C00DD9549 /* UIColor+.swift */,
				5E771D2B21E6F6CF00DD9549 /* UIApplication+.swift */,
				5E771D2D21E6F6EB00DD9549 /* UINavigationBar+.swift */,
			);
			path = UIKit;
			sourceTree = "<group>";
		};
		5E771CFE21E6D03800DD9549 /* Foundation */ = {
			isa = PBXGroup;
			children = (
				5E8C226621E86C810059FA31 /* ExOptional.swift */,
				5E8C226421E86C810059FA31 /* DispatchQueueExtension.swift */,
				5E8C226521E86C810059FA31 /* NumberExtension.swift */,
				5E771D1121E6D1D500DD9549 /* String+.swift */,
			);
			path = Foundation;
			sourceTree = "<group>";
		};
		5E771D0121E6D08100DD9549 /* HTTP */ = {
			isa = PBXGroup;
			children = (
				5E8C226A21E86CEF0059FA31 /* SwiftyJSON */,
				5E771D0221E6D09100DD9549 /* MoyaRequest */,
				5E771D0F21E6D0A500DD9549 /* API.swift */,
			);
			path = HTTP;
			sourceTree = "<group>";
		};
		5E771D0221E6D09100DD9549 /* MoyaRequest */ = {
			isa = PBXGroup;
			children = (
				5E771D0321E6D09100DD9549 /* ApiManagers */,
				5E771D0521E6D09100DD9549 /* Base */,
				5E771D0721E6D09100DD9549 /* Plugins */,
				5E771D0921E6D09100DD9549 /* Requests */,
			);
			path = MoyaRequest;
			sourceTree = "<group>";
		};
		5E771D0321E6D09100DD9549 /* ApiManagers */ = {
			isa = PBXGroup;
			children = (
				5E771D0421E6D09100DD9549 /* RequestApiManager.swift */,
				5E771D1321E6DECF00DD9549 /* DownloadApiManager.swift */,
				5E771D1521E6DEF500DD9549 /* BaseApiManager.swift */,
			);
			path = ApiManagers;
			sourceTree = "<group>";
		};
		5E771D0521E6D09100DD9549 /* Base */ = {
			isa = PBXGroup;
			children = (
				5E771D0621E6D09100DD9549 /* Array+Safe.swift */,
			);
			path = Base;
			sourceTree = "<group>";
		};
		5E771D0721E6D09100DD9549 /* Plugins */ = {
			isa = PBXGroup;
			children = (
				5E771D0821E6D09100DD9549 /* BFRxRequestPlugin.swift */,
			);
			path = Plugins;
			sourceTree = "<group>";
		};
		5E771D0921E6D09100DD9549 /* Requests */ = {
			isa = PBXGroup;
			children = (
				5E771D0A21E6D09100DD9549 /* BFRxNetRequest.swift */,
			);
			path = Requests;
			sourceTree = "<group>";
		};
		5E771D1921E6F52F00DD9549 /* Resource */ = {
			isa = PBXGroup;
			children = (
				5E771D1C21E6F54300DD9549 /* Emoticons.bundle */,
				5E771D1F21E6F54400DD9549 /* user.json */,
				5E771D1D21E6F54400DD9549 /* awemes.json */,
				5E771D1B21E6F54200DD9549 /* favorites.json */,
				5E771D1A21E6F54200DD9549 /* comments.json */,
				5E771D2021E6F54400DD9549 /* groupchats.json */,
				5E771D1E21E6F54400DD9549 /* emotion.json */,
			);
			path = Resource;
			sourceTree = "<group>";
		};
		5E771D2821E6F58700DD9549 /* Main */ = {
			isa = PBXGroup;
			children = (
				5E771D2921E6F62800DD9549 /* SwipeBackBaseViewController.swift */,
			);
			path = Main;
			sourceTree = "<group>";
		};
		5E771D2F21E700AB00DD9549 /* UserHomePage */ = {
			isa = PBXGroup;
			children = (
				5E771D3221E700F400DD9549 /* UserHomePageViewController.swift */,
			);
			path = UserHomePage;
			sourceTree = "<group>";
		};
		5E771D3421E722D500DD9549 /* Socket */ = {
			isa = PBXGroup;
			children = (
				5E771D3521E722E400DD9549 /* WebSocketManger.swift */,
			);
			path = Socket;
			sourceTree = "<group>";
		};
		5E771D3721E7267400DD9549 /* Tools */ = {
			isa = PBXGroup;
			children = (
				5E8C225D21E86BAB0059FA31 /* FDTransaction.swift */,
				5E771D3821E7267C00DD9549 /* BFBarista.swift */,
			);
			path = Tools;
			sourceTree = "<group>";
		};
		5E8C223E21E84DA80059FA31 /* Components */ = {
			isa = PBXGroup;
			children = (
				5E8C225521E86A330059FA31 /* AVPlayer */,
				5E8C223F21E84DC80059FA31 /* WebCache */,
			);
			path = Components;
			sourceTree = "<group>";
		};
		5E8C223F21E84DC80059FA31 /* WebCache */ = {
			isa = PBXGroup;
			children = (
				5E8C224021E84DC80059FA31 /* WebCacheManager.swift */,
				5E8C224121E84DC80059FA31 /* WebCombineOperation.swift */,
				5E8C224221E84DC80059FA31 /* WebDownloader.swift */,
				5E8C224321E84DC80059FA31 /* WebDownloadOperation.swift */,
			);
			path = WebCache;
			sourceTree = "<group>";
		};
		5E8C225521E86A330059FA31 /* AVPlayer */ = {
			isa = PBXGroup;
			children = (
				5E8C225621E86A330059FA31 /* AVPlayerManager.swift */,
				5E8C225721E86A330059FA31 /* AVPlayerView.swift */,
			);
			path = AVPlayer;
			sourceTree = "<group>";
		};
		5E8C225A21E86B4E0059FA31 /* Protocols */ = {
			isa = PBXGroup;
			children = (
				5E8C225B21E86B690059FA31 /* BaseViewModelProtocol.swift */,
			);
			path = Protocols;
			sourceTree = "<group>";
		};
		5E8C225F21E86C080059FA31 /* RxAdaptor */ = {
			isa = PBXGroup;
			children = (
				5E8C226021E86C150059FA31 /* NSObject+Rx.swift */,
				5E8C226121E86C150059FA31 /* UISegmentedControl+Rx.swift */,
			);
			path = RxAdaptor;
			sourceTree = "<group>";
		};
		5E8C226A21E86CEF0059FA31 /* SwiftyJSON */ = {
			isa = PBXGroup;
			children = (
				5E8C226B21E86CF90059FA31 /* Observable+SwiftyJSON.swift */,
			);
			path = SwiftyJSON;
			sourceTree = "<group>";
		};
		839248735BF1AEE3D603357F /* Frameworks */ = {
			isa = PBXGroup;
			children = (
				6B8303CAD62CFAEF3752F3D2 /* Pods_Douyin.framework */,
				D0D875BC7D5B4F1BA471C13F /* Pods_DouyinTests.framework */,
				155916C9A5096BA3574A2974 /* Pods_DouyinUITests.framework */,
			);
			name = Frameworks;
			sourceTree = "<group>";
		};
/* End PBXGroup section */

/* Begin PBXNativeTarget section */
		5E68AFAC21E5E7A900AA06DE /* Douyin */ = {
			isa = PBXNativeTarget;
			buildConfigurationList = 5E68AFD521E5E7BC00AA06DE /* Build configuration list for PBXNativeTarget "Douyin" */;
			buildPhases = (
				2FBD24BE23D978541CB9F3ED /* [CP] Check Pods Manifest.lock */,
				5E68AFA921E5E7A900AA06DE /* Sources */,
				5E68AFAA21E5E7A900AA06DE /* Frameworks */,
				5E68AFAB21E5E7A900AA06DE /* Resources */,
				0E9D89A575AB19CC35DE4051 /* [CP] Embed Pods Frameworks */,
			);
			buildRules = (
			);
			dependencies = (
			);
			name = Douyin;
			productName = Douyin;
			productReference = 5E68AFAD21E5E7A900AA06DE /* Douyin.app */;
			productType = "com.apple.product-type.application";
		};
		5E68AFC021E5E7BC00AA06DE /* DouyinTests */ = {
			isa = PBXNativeTarget;
			buildConfigurationList = 5E68AFD821E5E7BC00AA06DE /* Build configuration list for PBXNativeTarget "DouyinTests" */;
			buildPhases = (
				506AA667583C571D1262F15A /* [CP] Check Pods Manifest.lock */,
				5E68AFBD21E5E7BC00AA06DE /* Sources */,
				5E68AFBE21E5E7BC00AA06DE /* Frameworks */,
				5E68AFBF21E5E7BC00AA06DE /* Resources */,
			);
			buildRules = (
			);
			dependencies = (
				5E68AFC321E5E7BC00AA06DE /* PBXTargetDependency */,
			);
			name = DouyinTests;
			productName = DouyinTests;
			productReference = 5E68AFC121E5E7BC00AA06DE /* DouyinTests.xctest */;
			productType = "com.apple.product-type.bundle.unit-test";
		};
		5E68AFCB21E5E7BC00AA06DE /* DouyinUITests */ = {
			isa = PBXNativeTarget;
			buildConfigurationList = 5E68AFDB21E5E7BC00AA06DE /* Build configuration list for PBXNativeTarget "DouyinUITests" */;
			buildPhases = (
				C8F2E1B3B8F8B5A96B18B5A3 /* [CP] Check Pods Manifest.lock */,
				5E68AFC821E5E7BC00AA06DE /* Sources */,
				5E68AFC921E5E7BC00AA06DE /* Frameworks */,
				5E68AFCA21E5E7BC00AA06DE /* Resources */,
			);
			buildRules = (
			);
			dependencies = (
				5E68AFCE21E5E7BC00AA06DE /* PBXTargetDependency */,
			);
			name = DouyinUITests;
			productName = DouyinUITests;
			productReference = 5E68AFCC21E5E7BC00AA06DE /* DouyinUITests.xctest */;
			productType = "com.apple.product-type.bundle.ui-testing";
		};
/* End PBXNativeTarget section */

/* Begin PBXProject section */
		5E68AFA521E5E7A900AA06DE /* Project object */ = {
			isa = PBXProject;
			attributes = {
				LastSwiftUpdateCheck = 1010;
				LastUpgradeCheck = 1010;
				TargetAttributes = {
					5E68AFAC21E5E7A900AA06DE = {
						CreatedOnToolsVersion = 10.1;
					};
					5E68AFC021E5E7BC00AA06DE = {
						CreatedOnToolsVersion = 10.1;
						TestTargetID = 5E68AFAC21E5E7A900AA06DE;
					};
					5E68AFCB21E5E7BC00AA06DE = {
						CreatedOnToolsVersion = 10.1;
						TestTargetID = 5E68AFAC21E5E7A900AA06DE;
					};
				};
			};
			buildConfigurationList = 5E68AFA821E5E7A900AA06DE /* Build configuration list for PBXProject "Douyin" */;
			compatibilityVersion = "Xcode 9.3";
			developmentRegion = en;
			hasScannedForEncodings = 0;
			knownRegions = (
				en,
				Base,
			);
			mainGroup = 5E68AFA421E5E7A900AA06DE;
			productRefGroup = 5E68AFAE21E5E7A900AA06DE /* Products */;
			projectDirPath = "";
			projectRoot = "";
			targets = (
				5E68AFAC21E5E7A900AA06DE /* Douyin */,
				5E68AFC021E5E7BC00AA06DE /* DouyinTests */,
				5E68AFCB21E5E7BC00AA06DE /* DouyinUITests */,
			);
		};
/* End PBXProject section */

/* Begin PBXResourcesBuildPhase section */
		5E68AFAB21E5E7A900AA06DE /* Resources */ = {
			isa = PBXResourcesBuildPhase;
			buildActionMask = 2147483647;
			files = (
				5E771D2621E6F54400DD9549 /* user.json in Resources */,
				5E771D2721E6F54400DD9549 /* groupchats.json in Resources */,
				5E771D1821E6F50500DD9549 /* Assets.xcassets in Resources */,
				5E771D2221E6F54400DD9549 /* favorites.json in Resources */,
				5E68AFBB21E5E7BC00AA06DE /* LaunchScreen.storyboard in Resources */,
				5E771D2421E6F54400DD9549 /* awemes.json in Resources */,
				5E771D2121E6F54400DD9549 /* comments.json in Resources */,
				5E771D2521E6F54400DD9549 /* emotion.json in Resources */,
				5E771D2321E6F54400DD9549 /* Emoticons.bundle in Resources */,
			);
			runOnlyForDeploymentPostprocessing = 0;
		};
		5E68AFBF21E5E7BC00AA06DE /* Resources */ = {
			isa = PBXResourcesBuildPhase;
			buildActionMask = 2147483647;
			files = (
			);
			runOnlyForDeploymentPostprocessing = 0;
		};
		5E68AFCA21E5E7BC00AA06DE /* Resources */ = {
			isa = PBXResourcesBuildPhase;
			buildActionMask = 2147483647;
			files = (
			);
			runOnlyForDeploymentPostprocessing = 0;
		};
/* End PBXResourcesBuildPhase section */

/* Begin PBXShellScriptBuildPhase section */
		0E9D89A575AB19CC35DE4051 /* [CP] Embed Pods Frameworks */ = {
			isa = PBXShellScriptBuildPhase;
			buildActionMask = 2147483647;
			files = (
			);
			inputFileListPaths = (
			);
			inputPaths = (
				"${SRCROOT}/Pods/Target Support Files/Pods-Douyin/Pods-Douyin-frameworks.sh",
				"${BUILT_PRODUCTS_DIR}/Alamofire/Alamofire.framework",
				"${BUILT_PRODUCTS_DIR}/CTMediator/CTMediator.framework",
				"${BUILT_PRODUCTS_DIR}/ETNavBarTransparent/ETNavBarTransparent.framework",
				"${BUILT_PRODUCTS_DIR}/HandyJSON/HandyJSON.framework",
				"${BUILT_PRODUCTS_DIR}/Kingfisher/Kingfisher.framework",
				"${BUILT_PRODUCTS_DIR}/MJRefresh/MJRefresh.framework",
				"${BUILT_PRODUCTS_DIR}/Moya/Moya.framework",
				"${BUILT_PRODUCTS_DIR}/NSObject+Rx/NSObject_Rx.framework",
				"${BUILT_PRODUCTS_DIR}/ReachabilitySwift/Reachability.framework",
				"${BUILT_PRODUCTS_DIR}/Result/Result.framework",
				"${BUILT_PRODUCTS_DIR}/RxAtomic/RxAtomic.framework",
				"${BUILT_PRODUCTS_DIR}/RxCocoa/RxCocoa.framework",
				"${BUILT_PRODUCTS_DIR}/RxGesture/RxGesture.framework",
				"${BUILT_PRODUCTS_DIR}/RxSwift/RxSwift.framework",
				"${BUILT_PRODUCTS_DIR}/SDWebImage/SDWebImage.framework",
				"${BUILT_PRODUCTS_DIR}/SVProgressHUD/SVProgressHUD.framework",
				"${BUILT_PRODUCTS_DIR}/SnapKit/SnapKit.framework",
				"${BUILT_PRODUCTS_DIR}/Starscream/Starscream.framework",
				"${BUILT_PRODUCTS_DIR}/SwiftyJSON/SwiftyJSON.framework",
				"${BUILT_PRODUCTS_DIR}/libwebp/libwebp.framework",
			);
			name = "[CP] Embed Pods Frameworks";
			outputFileListPaths = (
			);
			outputPaths = (
				"${TARGET_BUILD_DIR}/${FRAMEWORKS_FOLDER_PATH}/Alamofire.framework",
				"${TARGET_BUILD_DIR}/${FRAMEWORKS_FOLDER_PATH}/CTMediator.framework",
				"${TARGET_BUILD_DIR}/${FRAMEWORKS_FOLDER_PATH}/ETNavBarTransparent.framework",
				"${TARGET_BUILD_DIR}/${FRAMEWORKS_FOLDER_PATH}/HandyJSON.framework",
				"${TARGET_BUILD_DIR}/${FRAMEWORKS_FOLDER_PATH}/Kingfisher.framework",
				"${TARGET_BUILD_DIR}/${FRAMEWORKS_FOLDER_PATH}/MJRefresh.framework",
				"${TARGET_BUILD_DIR}/${FRAMEWORKS_FOLDER_PATH}/Moya.framework",
				"${TARGET_BUILD_DIR}/${FRAMEWORKS_FOLDER_PATH}/NSObject_Rx.framework",
				"${TARGET_BUILD_DIR}/${FRAMEWORKS_FOLDER_PATH}/Reachability.framework",
				"${TARGET_BUILD_DIR}/${FRAMEWORKS_FOLDER_PATH}/Result.framework",
				"${TARGET_BUILD_DIR}/${FRAMEWORKS_FOLDER_PATH}/RxAtomic.framework",
				"${TARGET_BUILD_DIR}/${FRAMEWORKS_FOLDER_PATH}/RxCocoa.framework",
				"${TARGET_BUILD_DIR}/${FRAMEWORKS_FOLDER_PATH}/RxGesture.framework",
				"${TARGET_BUILD_DIR}/${FRAMEWORKS_FOLDER_PATH}/RxSwift.framework",
				"${TARGET_BUILD_DIR}/${FRAMEWORKS_FOLDER_PATH}/SDWebImage.framework",
				"${TARGET_BUILD_DIR}/${FRAMEWORKS_FOLDER_PATH}/SVProgressHUD.framework",
				"${TARGET_BUILD_DIR}/${FRAMEWORKS_FOLDER_PATH}/SnapKit.framework",
				"${TARGET_BUILD_DIR}/${FRAMEWORKS_FOLDER_PATH}/Starscream.framework",
				"${TARGET_BUILD_DIR}/${FRAMEWORKS_FOLDER_PATH}/SwiftyJSON.framework",
				"${TARGET_BUILD_DIR}/${FRAMEWORKS_FOLDER_PATH}/libwebp.framework",
			);
			runOnlyForDeploymentPostprocessing = 0;
			shellPath = /bin/sh;
			shellScript = "\"${SRCROOT}/Pods/Target Support Files/Pods-Douyin/Pods-Douyin-frameworks.sh\"\n";
			showEnvVarsInLog = 0;
		};
		2FBD24BE23D978541CB9F3ED /* [CP] Check Pods Manifest.lock */ = {
			isa = PBXShellScriptBuildPhase;
			buildActionMask = 2147483647;
			files = (
			);
			inputFileListPaths = (
			);
			inputPaths = (
				"${PODS_PODFILE_DIR_PATH}/Podfile.lock",
				"${PODS_ROOT}/Manifest.lock",
			);
			name = "[CP] Check Pods Manifest.lock";
			outputFileListPaths = (
			);
			outputPaths = (
				"$(DERIVED_FILE_DIR)/Pods-Douyin-checkManifestLockResult.txt",
			);
			runOnlyForDeploymentPostprocessing = 0;
			shellPath = /bin/sh;
			shellScript = "diff \"${PODS_PODFILE_DIR_PATH}/Podfile.lock\" \"${PODS_ROOT}/Manifest.lock\" > /dev/null\nif [ $? != 0 ] ; then\n    # print error to STDERR\n    echo \"error: The sandbox is not in sync with the Podfile.lock. Run 'pod install' or update your CocoaPods installation.\" >&2\n    exit 1\nfi\n# This output is used by Xcode 'outputs' to avoid re-running this script phase.\necho \"SUCCESS\" > \"${SCRIPT_OUTPUT_FILE_0}\"\n";
			showEnvVarsInLog = 0;
		};
		506AA667583C571D1262F15A /* [CP] Check Pods Manifest.lock */ = {
			isa = PBXShellScriptBuildPhase;
			buildActionMask = 2147483647;
			files = (
			);
			inputFileListPaths = (
			);
			inputPaths = (
				"${PODS_PODFILE_DIR_PATH}/Podfile.lock",
				"${PODS_ROOT}/Manifest.lock",
			);
			name = "[CP] Check Pods Manifest.lock";
			outputFileListPaths = (
			);
			outputPaths = (
				"$(DERIVED_FILE_DIR)/Pods-DouyinTests-checkManifestLockResult.txt",
			);
			runOnlyForDeploymentPostprocessing = 0;
			shellPath = /bin/sh;
			shellScript = "diff \"${PODS_PODFILE_DIR_PATH}/Podfile.lock\" \"${PODS_ROOT}/Manifest.lock\" > /dev/null\nif [ $? != 0 ] ; then\n    # print error to STDERR\n    echo \"error: The sandbox is not in sync with the Podfile.lock. Run 'pod install' or update your CocoaPods installation.\" >&2\n    exit 1\nfi\n# This output is used by Xcode 'outputs' to avoid re-running this script phase.\necho \"SUCCESS\" > \"${SCRIPT_OUTPUT_FILE_0}\"\n";
			showEnvVarsInLog = 0;
		};
		C8F2E1B3B8F8B5A96B18B5A3 /* [CP] Check Pods Manifest.lock */ = {
			isa = PBXShellScriptBuildPhase;
			buildActionMask = 2147483647;
			files = (
			);
			inputFileListPaths = (
			);
			inputPaths = (
				"${PODS_PODFILE_DIR_PATH}/Podfile.lock",
				"${PODS_ROOT}/Manifest.lock",
			);
			name = "[CP] Check Pods Manifest.lock";
			outputFileListPaths = (
			);
			outputPaths = (
				"$(DERIVED_FILE_DIR)/Pods-DouyinUITests-checkManifestLockResult.txt",
			);
			runOnlyForDeploymentPostprocessing = 0;
			shellPath = /bin/sh;
			shellScript = "diff \"${PODS_PODFILE_DIR_PATH}/Podfile.lock\" \"${PODS_ROOT}/Manifest.lock\" > /dev/null\nif [ $? != 0 ] ; then\n    # print error to STDERR\n    echo \"error: The sandbox is not in sync with the Podfile.lock. Run 'pod install' or update your CocoaPods installation.\" >&2\n    exit 1\nfi\n# This output is used by Xcode 'outputs' to avoid re-running this script phase.\necho \"SUCCESS\" > \"${SCRIPT_OUTPUT_FILE_0}\"\n";
			showEnvVarsInLog = 0;
		};
/* End PBXShellScriptBuildPhase section */

/* Begin PBXSourcesBuildPhase section */
		5E68AFA921E5E7A900AA06DE /* Sources */ = {
			isa = PBXSourcesBuildPhase;
			buildActionMask = 2147483647;
			files = (
				5E771D0C21E6D09100DD9549 /* Array+Safe.swift in Sources */,
				5E771D3621E722E400DD9549 /* WebSocketManger.swift in Sources */,
				5E771D3921E7267C00DD9549 /* BFBarista.swift in Sources */,
				5E8C225821E86A330059FA31 /* AVPlayerManager.swift in Sources */,
				5E8C225E21E86BAB0059FA31 /* FDTransaction.swift in Sources */,
				5E8C226721E86C810059FA31 /* DispatchQueueExtension.swift in Sources */,
				5E8C226921E86C810059FA31 /* ExOptional.swift in Sources */,
				5E771D0E21E6D09100DD9549 /* BFRxNetRequest.swift in Sources */,
				5E8C225921E86A330059FA31 /* AVPlayerView.swift in Sources */,
				5E771D2C21E6F6CF00DD9549 /* UIApplication+.swift in Sources */,
				5E771D2E21E6F6EB00DD9549 /* UINavigationBar+.swift in Sources */,
				5E771D1221E6D1D500DD9549 /* String+.swift in Sources */,
				5E68AFB121E5E7A900AA06DE /* AppDelegate.swift in Sources */,
				5E8C226321E86C150059FA31 /* UISegmentedControl+Rx.swift in Sources */,
				5E771D0021E6D04C00DD9549 /* UIColor+.swift in Sources */,
				5E8C224721E84DC80059FA31 /* WebDownloadOperation.swift in Sources */,
				5E8C226821E86C810059FA31 /* NumberExtension.swift in Sources */,
				5E8C226C21E86CF90059FA31 /* Observable+SwiftyJSON.swift in Sources */,
				5E8C226221E86C150059FA31 /* NSObject+Rx.swift in Sources */,
				5E8C224421E84DC80059FA31 /* WebCacheManager.swift in Sources */,
				5E771D2A21E6F62800DD9549 /* SwipeBackBaseViewController.swift in Sources */,
				5E771D1421E6DECF00DD9549 /* DownloadApiManager.swift in Sources */,
				5E8C225C21E86B690059FA31 /* BaseViewModelProtocol.swift in Sources */,
				5E771D1621E6DEF500DD9549 /* BaseApiManager.swift in Sources */,
				5E771D3321E700F400DD9549 /* UserHomePageViewController.swift in Sources */,
				5E771D0B21E6D09100DD9549 /* RequestApiManager.swift in Sources */,
				5E8C224621E84DC80059FA31 /* WebDownloader.swift in Sources */,
				5E8C224521E84DC80059FA31 /* WebCombineOperation.swift in Sources */,
				5E771CFA21E6CF2000DD9549 /* Global.swift in Sources */,
				5E771D1021E6D0A500DD9549 /* API.swift in Sources */,
				5E771D0D21E6D09100DD9549 /* BFRxRequestPlugin.swift in Sources */,
			);
			runOnlyForDeploymentPostprocessing = 0;
		};
		5E68AFBD21E5E7BC00AA06DE /* Sources */ = {
			isa = PBXSourcesBuildPhase;
			buildActionMask = 2147483647;
			files = (
				5E68AFC621E5E7BC00AA06DE /* DouyinTests.swift in Sources */,
			);
			runOnlyForDeploymentPostprocessing = 0;
		};
		5E68AFC821E5E7BC00AA06DE /* Sources */ = {
			isa = PBXSourcesBuildPhase;
			buildActionMask = 2147483647;
			files = (
				5E68AFD121E5E7BC00AA06DE /* DouyinUITests.swift in Sources */,
			);
			runOnlyForDeploymentPostprocessing = 0;
		};
/* End PBXSourcesBuildPhase section */

/* Begin PBXTargetDependency section */
		5E68AFC321E5E7BC00AA06DE /* PBXTargetDependency */ = {
			isa = PBXTargetDependency;
			target = 5E68AFAC21E5E7A900AA06DE /* Douyin */;
			targetProxy = 5E68AFC221E5E7BC00AA06DE /* PBXContainerItemProxy */;
		};
		5E68AFCE21E5E7BC00AA06DE /* PBXTargetDependency */ = {
			isa = PBXTargetDependency;
			target = 5E68AFAC21E5E7A900AA06DE /* Douyin */;
			targetProxy = 5E68AFCD21E5E7BC00AA06DE /* PBXContainerItemProxy */;
		};
/* End PBXTargetDependency section */

/* Begin PBXVariantGroup section */
		5E68AFB921E5E7BC00AA06DE /* LaunchScreen.storyboard */ = {
			isa = PBXVariantGroup;
			children = (
				5E68AFBA21E5E7BC00AA06DE /* Base */,
			);
			name = LaunchScreen.storyboard;
			sourceTree = "<group>";
		};
/* End PBXVariantGroup section */

/* Begin XCBuildConfiguration section */
		5E68AFD321E5E7BC00AA06DE /* Debug */ = {
			isa = XCBuildConfiguration;
			buildSettings = {
				ALWAYS_SEARCH_USER_PATHS = NO;
				CLANG_ANALYZER_NONNULL = YES;
				CLANG_ANALYZER_NUMBER_OBJECT_CONVERSION = YES_AGGRESSIVE;
				CLANG_CXX_LANGUAGE_STANDARD = "gnu++14";
				CLANG_CXX_LIBRARY = "libc++";
				CLANG_ENABLE_MODULES = YES;
				CLANG_ENABLE_OBJC_ARC = YES;
				CLANG_ENABLE_OBJC_WEAK = YES;
				CLANG_WARN_BLOCK_CAPTURE_AUTORELEASING = YES;
				CLANG_WARN_BOOL_CONVERSION = YES;
				CLANG_WARN_COMMA = YES;
				CLANG_WARN_CONSTANT_CONVERSION = YES;
				CLANG_WARN_DEPRECATED_OBJC_IMPLEMENTATIONS = YES;
				CLANG_WARN_DIRECT_OBJC_ISA_USAGE = YES_ERROR;
				CLANG_WARN_DOCUMENTATION_COMMENTS = YES;
				CLANG_WARN_EMPTY_BODY = YES;
				CLANG_WARN_ENUM_CONVERSION = YES;
				CLANG_WARN_INFINITE_RECURSION = YES;
				CLANG_WARN_INT_CONVERSION = YES;
				CLANG_WARN_NON_LITERAL_NULL_CONVERSION = YES;
				CLANG_WARN_OBJC_IMPLICIT_RETAIN_SELF = YES;
				CLANG_WARN_OBJC_LITERAL_CONVERSION = YES;
				CLANG_WARN_OBJC_ROOT_CLASS = YES_ERROR;
				CLANG_WARN_RANGE_LOOP_ANALYSIS = YES;
				CLANG_WARN_STRICT_PROTOTYPES = YES;
				CLANG_WARN_SUSPICIOUS_MOVE = YES;
				CLANG_WARN_UNGUARDED_AVAILABILITY = YES_AGGRESSIVE;
				CLANG_WARN_UNREACHABLE_CODE = YES;
				CLANG_WARN__DUPLICATE_METHOD_MATCH = YES;
				CODE_SIGN_IDENTITY = "iPhone Developer";
				COPY_PHASE_STRIP = NO;
				DEBUG_INFORMATION_FORMAT = dwarf;
				ENABLE_STRICT_OBJC_MSGSEND = YES;
				ENABLE_TESTABILITY = YES;
				GCC_C_LANGUAGE_STANDARD = gnu11;
				GCC_DYNAMIC_NO_PIC = NO;
				GCC_NO_COMMON_BLOCKS = YES;
				GCC_OPTIMIZATION_LEVEL = 0;
				GCC_PREPROCESSOR_DEFINITIONS = (
					"DEBUG=1",
					"$(inherited)",
				);
				GCC_WARN_64_TO_32_BIT_CONVERSION = YES;
				GCC_WARN_ABOUT_RETURN_TYPE = YES_ERROR;
				GCC_WARN_UNDECLARED_SELECTOR = YES;
				GCC_WARN_UNINITIALIZED_AUTOS = YES_AGGRESSIVE;
				GCC_WARN_UNUSED_FUNCTION = YES;
				GCC_WARN_UNUSED_VARIABLE = YES;
				IPHONEOS_DEPLOYMENT_TARGET = 9.0;
				MTL_ENABLE_DEBUG_INFO = INCLUDE_SOURCE;
				MTL_FAST_MATH = YES;
				ONLY_ACTIVE_ARCH = YES;
				SDKROOT = iphoneos;
				SWIFT_ACTIVE_COMPILATION_CONDITIONS = DEBUG;
				SWIFT_OPTIMIZATION_LEVEL = "-Onone";
			};
			name = Debug;
		};
		5E68AFD421E5E7BC00AA06DE /* Release */ = {
			isa = XCBuildConfiguration;
			buildSettings = {
				ALWAYS_SEARCH_USER_PATHS = NO;
				CLANG_ANALYZER_NONNULL = YES;
				CLANG_ANALYZER_NUMBER_OBJECT_CONVERSION = YES_AGGRESSIVE;
				CLANG_CXX_LANGUAGE_STANDARD = "gnu++14";
				CLANG_CXX_LIBRARY = "libc++";
				CLANG_ENABLE_MODULES = YES;
				CLANG_ENABLE_OBJC_ARC = YES;
				CLANG_ENABLE_OBJC_WEAK = YES;
				CLANG_WARN_BLOCK_CAPTURE_AUTORELEASING = YES;
				CLANG_WARN_BOOL_CONVERSION = YES;
				CLANG_WARN_COMMA = YES;
				CLANG_WARN_CONSTANT_CONVERSION = YES;
				CLANG_WARN_DEPRECATED_OBJC_IMPLEMENTATIONS = YES;
				CLANG_WARN_DIRECT_OBJC_ISA_USAGE = YES_ERROR;
				CLANG_WARN_DOCUMENTATION_COMMENTS = YES;
				CLANG_WARN_EMPTY_BODY = YES;
				CLANG_WARN_ENUM_CONVERSION = YES;
				CLANG_WARN_INFINITE_RECURSION = YES;
				CLANG_WARN_INT_CONVERSION = YES;
				CLANG_WARN_NON_LITERAL_NULL_CONVERSION = YES;
				CLANG_WARN_OBJC_IMPLICIT_RETAIN_SELF = YES;
				CLANG_WARN_OBJC_LITERAL_CONVERSION = YES;
				CLANG_WARN_OBJC_ROOT_CLASS = YES_ERROR;
				CLANG_WARN_RANGE_LOOP_ANALYSIS = YES;
				CLANG_WARN_STRICT_PROTOTYPES = YES;
				CLANG_WARN_SUSPICIOUS_MOVE = YES;
				CLANG_WARN_UNGUARDED_AVAILABILITY = YES_AGGRESSIVE;
				CLANG_WARN_UNREACHABLE_CODE = YES;
				CLANG_WARN__DUPLICATE_METHOD_MATCH = YES;
				CODE_SIGN_IDENTITY = "iPhone Developer";
				COPY_PHASE_STRIP = NO;
				DEBUG_INFORMATION_FORMAT = "dwarf-with-dsym";
				ENABLE_NS_ASSERTIONS = NO;
				ENABLE_STRICT_OBJC_MSGSEND = YES;
				GCC_C_LANGUAGE_STANDARD = gnu11;
				GCC_NO_COMMON_BLOCKS = YES;
				GCC_WARN_64_TO_32_BIT_CONVERSION = YES;
				GCC_WARN_ABOUT_RETURN_TYPE = YES_ERROR;
				GCC_WARN_UNDECLARED_SELECTOR = YES;
				GCC_WARN_UNINITIALIZED_AUTOS = YES_AGGRESSIVE;
				GCC_WARN_UNUSED_FUNCTION = YES;
				GCC_WARN_UNUSED_VARIABLE = YES;
				IPHONEOS_DEPLOYMENT_TARGET = 9.0;
				MTL_ENABLE_DEBUG_INFO = NO;
				MTL_FAST_MATH = YES;
				SDKROOT = iphoneos;
				SWIFT_COMPILATION_MODE = wholemodule;
				SWIFT_OPTIMIZATION_LEVEL = "-O";
				VALIDATE_PRODUCT = YES;
			};
			name = Release;
		};
		5E68AFD621E5E7BC00AA06DE /* Debug */ = {
			isa = XCBuildConfiguration;
			baseConfigurationReference = A355B4108E362FB3956B8197 /* Pods-Douyin.debug.xcconfig */;
			buildSettings = {
				ASSETCATALOG_COMPILER_APPICON_NAME = AppIcon;
				CODE_SIGN_STYLE = Automatic;
				DEVELOPMENT_TEAM = SYZGGW5E8S;
				INFOPLIST_FILE = Douyin/Info.plist;
				LD_RUNPATH_SEARCH_PATHS = (
					"$(inherited)",
					"@executable_path/Frameworks",
				);
				PRODUCT_BUNDLE_IDENTIFIER = com.demo.Douyin;
				PRODUCT_NAME = "$(TARGET_NAME)";
				SWIFT_OBJC_BRIDGING_HEADER = Douyin/Douyin_brige_header.h;
				SWIFT_VERSION = 4.2;
				TARGETED_DEVICE_FAMILY = "1,2";
			};
			name = Debug;
		};
		5E68AFD721E5E7BC00AA06DE /* Release */ = {
			isa = XCBuildConfiguration;
			baseConfigurationReference = 2A66FC898EA82DF24C257E02 /* Pods-Douyin.release.xcconfig */;
			buildSettings = {
				ASSETCATALOG_COMPILER_APPICON_NAME = AppIcon;
				CODE_SIGN_STYLE = Automatic;
				DEVELOPMENT_TEAM = SYZGGW5E8S;
				INFOPLIST_FILE = Douyin/Info.plist;
				LD_RUNPATH_SEARCH_PATHS = (
					"$(inherited)",
					"@executable_path/Frameworks",
				);
				PRODUCT_BUNDLE_IDENTIFIER = com.demo.Douyin;
				PRODUCT_NAME = "$(TARGET_NAME)";
				SWIFT_OBJC_BRIDGING_HEADER = Douyin/Douyin_brige_header.h;
				SWIFT_VERSION = 4.2;
				TARGETED_DEVICE_FAMILY = "1,2";
			};
			name = Release;
		};
		5E68AFD921E5E7BC00AA06DE /* Debug */ = {
			isa = XCBuildConfiguration;
			baseConfigurationReference = EA54578601C62028DE599555 /* Pods-DouyinTests.debug.xcconfig */;
			buildSettings = {
				ALWAYS_EMBED_SWIFT_STANDARD_LIBRARIES = YES;
				BUNDLE_LOADER = "$(TEST_HOST)";
				CODE_SIGN_STYLE = Automatic;
				INFOPLIST_FILE = DouyinTests/Info.plist;
				LD_RUNPATH_SEARCH_PATHS = (
					"$(inherited)",
					"@executable_path/Frameworks",
					"@loader_path/Frameworks",
				);
				PRODUCT_BUNDLE_IDENTIFIER = com.demo.DouyinTests;
				PRODUCT_NAME = "$(TARGET_NAME)";
				SWIFT_VERSION = 4.2;
				TARGETED_DEVICE_FAMILY = "1,2";
				TEST_HOST = "$(BUILT_PRODUCTS_DIR)/Douyin.app/Douyin";
			};
			name = Debug;
		};
		5E68AFDA21E5E7BC00AA06DE /* Release */ = {
			isa = XCBuildConfiguration;
			baseConfigurationReference = D1F4430BE3727519C691D01A /* Pods-DouyinTests.release.xcconfig */;
			buildSettings = {
				ALWAYS_EMBED_SWIFT_STANDARD_LIBRARIES = YES;
				BUNDLE_LOADER = "$(TEST_HOST)";
				CODE_SIGN_STYLE = Automatic;
				INFOPLIST_FILE = DouyinTests/Info.plist;
				LD_RUNPATH_SEARCH_PATHS = (
					"$(inherited)",
					"@executable_path/Frameworks",
					"@loader_path/Frameworks",
				);
				PRODUCT_BUNDLE_IDENTIFIER = com.demo.DouyinTests;
				PRODUCT_NAME = "$(TARGET_NAME)";
				SWIFT_VERSION = 4.2;
				TARGETED_DEVICE_FAMILY = "1,2";
				TEST_HOST = "$(BUILT_PRODUCTS_DIR)/Douyin.app/Douyin";
			};
			name = Release;
		};
		5E68AFDC21E5E7BC00AA06DE /* Debug */ = {
			isa = XCBuildConfiguration;
			baseConfigurationReference = 334B1CA991D7F2B6D7E95852 /* Pods-DouyinUITests.debug.xcconfig */;
			buildSettings = {
				ALWAYS_EMBED_SWIFT_STANDARD_LIBRARIES = YES;
				CODE_SIGN_STYLE = Automatic;
				INFOPLIST_FILE = DouyinUITests/Info.plist;
				LD_RUNPATH_SEARCH_PATHS = (
					"$(inherited)",
					"@executable_path/Frameworks",
					"@loader_path/Frameworks",
				);
				PRODUCT_BUNDLE_IDENTIFIER = com.demo.DouyinUITests;
				PRODUCT_NAME = "$(TARGET_NAME)";
				SWIFT_VERSION = 4.2;
				TARGETED_DEVICE_FAMILY = "1,2";
				TEST_TARGET_NAME = Douyin;
			};
			name = Debug;
		};
		5E68AFDD21E5E7BC00AA06DE /* Release */ = {
			isa = XCBuildConfiguration;
			baseConfigurationReference = A578CF1A332B0DD1F679DA27 /* Pods-DouyinUITests.release.xcconfig */;
			buildSettings = {
				ALWAYS_EMBED_SWIFT_STANDARD_LIBRARIES = YES;
				CODE_SIGN_STYLE = Automatic;
				INFOPLIST_FILE = DouyinUITests/Info.plist;
				LD_RUNPATH_SEARCH_PATHS = (
					"$(inherited)",
					"@executable_path/Frameworks",
					"@loader_path/Frameworks",
				);
				PRODUCT_BUNDLE_IDENTIFIER = com.demo.DouyinUITests;
				PRODUCT_NAME = "$(TARGET_NAME)";
				SWIFT_VERSION = 4.2;
				TARGETED_DEVICE_FAMILY = "1,2";
				TEST_TARGET_NAME = Douyin;
			};
			name = Release;
		};
/* End XCBuildConfiguration section */

/* Begin XCConfigurationList section */
		5E68AFA821E5E7A900AA06DE /* Build configuration list for PBXProject "Douyin" */ = {
			isa = XCConfigurationList;
			buildConfigurations = (
				5E68AFD321E5E7BC00AA06DE /* Debug */,
				5E68AFD421E5E7BC00AA06DE /* Release */,
			);
			defaultConfigurationIsVisible = 0;
			defaultConfigurationName = Release;
		};
		5E68AFD521E5E7BC00AA06DE /* Build configuration list for PBXNativeTarget "Douyin" */ = {
			isa = XCConfigurationList;
			buildConfigurations = (
				5E68AFD621E5E7BC00AA06DE /* Debug */,
				5E68AFD721E5E7BC00AA06DE /* Release */,
			);
			defaultConfigurationIsVisible = 0;
			defaultConfigurationName = Release;
		};
		5E68AFD821E5E7BC00AA06DE /* Build configuration list for PBXNativeTarget "DouyinTests" */ = {
			isa = XCConfigurationList;
			buildConfigurations = (
				5E68AFD921E5E7BC00AA06DE /* Debug */,
				5E68AFDA21E5E7BC00AA06DE /* Release */,
			);
			defaultConfigurationIsVisible = 0;
			defaultConfigurationName = Release;
		};
		5E68AFDB21E5E7BC00AA06DE /* Build configuration list for PBXNativeTarget "DouyinUITests" */ = {
			isa = XCConfigurationList;
			buildConfigurations = (
				5E68AFDC21E5E7BC00AA06DE /* Debug */,
				5E68AFDD21E5E7BC00AA06DE /* Release */,
			);
			defaultConfigurationIsVisible = 0;
			defaultConfigurationName = Release;
		};
/* End XCConfigurationList section */
	};
	rootObject = 5E68AFA521E5E7A900AA06DE /* Project object */;
}
